
Microsoft Visual Studio Solution File, Format Version 12.00
# Visual Studio 2012
Project("{FAE04EC0-301F-11D3-BF4B-00C04F79EFBC}") = "Qs", "Qs\Qs.csproj", "{4AA5C26C-7046-47FD-817D-6B1605A023C2}"
EndProject
Global
	GlobalSection(SolutionConfigurationPlatforms) = preSolution
		Debug|Any CPU = Debug|Any CPU
		Debug|x64 = Debug|x64
		Release|Any CPU = Release|Any CPU
		Release|x64 = Release|x64
	EndGlobalSection
	GlobalSection(ProjectConfigurationPlatforms) = postSolution
		{4AA5C26C-7046-47FD-817D-6B1605A023C2}.Debug|Any CPU.ActiveCfg = Debug|Any CPU
		{4AA5C26C-7046-47FD-817D-6B1605A023C2}.Debug|Any CPU.Build.0 = Debug|Any CPU
		{4AA5C26C-7046-47FD-817D-6B1605A023C2}.Debug|x64.ActiveCfg = Debug|x64
		{4AA5C26C-7046-47FD-817D-6B1605A023C2}.Debug|x64.Build.0 = Debug|x64
		{4AA5C26C-7046-47FD-817D-6B1605A023C2}.Release|Any CPU.ActiveCfg = Release|Any CPU
		{4AA5C26C-7046-47FD-817D-6B1605A023C2}.Release|Any CPU.Build.0 = Release|Any CPU
		{4AA5C26C-7046-47FD-817D-6B1605A023C2}.Release|x64.ActiveCfg = Release|x64
		{4AA5C26C-7046-47FD-817D-6B1605A023C2}.Release|x64.Build.0 = Release|x64
	EndGlobalSection
	GlobalSection(SolutionProperties) = preSolution
		HideSolutionNode = FALSE
	EndGlobalSection
EndGlobal
